
Microsoft Visual Studio Solution File, Format Version 12.00
# Visual Studio Version 17
VisualStudioVersion = 17.8.34316.72
MinimumVisualStudioVersion = 10.0.40219.1
Project("{2150E333-8FDC-42A3-9474-1A3956D46DE8}") = "src", "src", "{A39F7913-44C1-4C3E-9ABF-9F663400B0EF}"
EndProject
Project("{9A19103F-16F7-4668-BE54-9A1E7A4F7556}") = "AppFactory.Framework.Domain", "src\AppFactory.Framework.Domain\AppFactory.Framework.Domain.csproj", "{CB07208A-BEB9-4562-97E8-DFDD7F097D7A}"
EndProject
Project("{9A19103F-16F7-4668-BE54-9A1E7A4F7556}") = "AppFactory.Framework.DependencyInjection", "src\AppFactory.Framework.DependencyInjection\AppFactory.Framework.DependencyInjection.csproj", "{0B1BF785-BABC-413E-9ED2-085E1E907D31}"
EndProject
Project("{9A19103F-16F7-4668-BE54-9A1E7A4F7556}") = "AppFactory.Framework.Logging", "src\AppFactory.Framework.Logging\AppFactory.Framework.Logging.csproj", "{DEAFE339-4EF1-431D-9AAF-7CDE1E7F6113}"
EndProject
Project("{9A19103F-16F7-4668-BE54-9A1E7A4F7556}") = "AppFactory.Framework.Infrastructure", "src\AppFactory.Framework.Infrastructure\AppFactory.Framework.Infrastructure.csproj", "{134F5E70-5B41-4F1E-99C3-01D42F466807}"
EndProject
Project("{9A19103F-16F7-4668-BE54-9A1E7A4F7556}") = "AppFactory.Framework.DataAccess", "src\AppFactory.Framework.DataAccess\AppFactory.Framework.DataAccess.csproj", "{B6C09537-7358-4026-95E9-6E75BAF524E5}"
EndProject
Project("{9A19103F-16F7-4668-BE54-9A1E7A4F7556}") = "AppFactory.Framework.Api", "src\AppFactory.Framework.Api\AppFactory.Framework.Api.csproj", "{BB7A310B-761E-4760-92D3-733BB4524B8A}"
EndProject
Project("{2150E333-8FDC-42A3-9474-1A3956D46DE8}") = "tests", "tests", "{4692BD39-56E4-46F4-84CD-5E1576FB7753}"
EndProject
Project("{9A19103F-16F7-4668-BE54-9A1E7A4F7556}") = "AppFactory.Framework.Infrastructure.UnitTests", "tests\AppFactory.Framework.Infrastructure.UnitTests\AppFactory.Framework.Infrastructure.UnitTests.csproj", "{01909E67-8A83-4DF8-AD22-CB44B2E72395}"
EndProject
Project("{9A19103F-16F7-4668-BE54-9A1E7A4F7556}") = "AppFactory.Framework.Api.UnitTests", "tests\AppFactory.Framework.Api.UnitTests\AppFactory.Framework.Api.UnitTests.csproj", "{95313403-A79B-482F-9234-4F37A5A68603}"
EndProject
Project("{9A19103F-16F7-4668-BE54-9A1E7A4F7556}") = "AppFactory.Framework.DataAccess.UnitTests", "tests\AppFactory.Framework.DataAccess.UnitTests\AppFactory.Framework.DataAccess.UnitTests.csproj", "{78C745C2-FB63-43C4-9CE6-AC1E6FFF047E}"
EndProject
Global
	GlobalSection(SolutionConfigurationPlatforms) = preSolution
		Debug|Any CPU = Debug|Any CPU
		Release|Any CPU = Release|Any CPU
	EndGlobalSection
	GlobalSection(ProjectConfigurationPlatforms) = postSolution
		{CB07208A-BEB9-4562-97E8-DFDD7F097D7A}.Debug|Any CPU.ActiveCfg = Debug|Any CPU
		{CB07208A-BEB9-4562-97E8-DFDD7F097D7A}.Debug|Any CPU.Build.0 = Debug|Any CPU
		{CB07208A-BEB9-4562-97E8-DFDD7F097D7A}.Release|Any CPU.ActiveCfg = Release|Any CPU
		{CB07208A-BEB9-4562-97E8-DFDD7F097D7A}.Release|Any CPU.Build.0 = Release|Any CPU
		{0B1BF785-BABC-413E-9ED2-085E1E907D31}.Debug|Any CPU.ActiveCfg = Debug|Any CPU
		{0B1BF785-BABC-413E-9ED2-085E1E907D31}.Debug|Any CPU.Build.0 = Debug|Any CPU
		{0B1BF785-BABC-413E-9ED2-085E1E907D31}.Release|Any CPU.ActiveCfg = Release|Any CPU
		{0B1BF785-BABC-413E-9ED2-085E1E907D31}.Release|Any CPU.Build.0 = Release|Any CPU
		{DEAFE339-4EF1-431D-9AAF-7CDE1E7F6113}.Debug|Any CPU.ActiveCfg = Debug|Any CPU
		{DEAFE339-4EF1-431D-9AAF-7CDE1E7F6113}.Debug|Any CPU.Build.0 = Debug|Any CPU
		{DEAFE339-4EF1-431D-9AAF-7CDE1E7F6113}.Release|Any CPU.ActiveCfg = Release|Any CPU
		{DEAFE339-4EF1-431D-9AAF-7CDE1E7F6113}.Release|Any CPU.Build.0 = Release|Any CPU
		{134F5E70-5B41-4F1E-99C3-01D42F466807}.Debug|Any CPU.ActiveCfg = Debug|Any CPU
		{134F5E70-5B41-4F1E-99C3-01D42F466807}.Debug|Any CPU.Build.0 = Debug|Any CPU
		{134F5E70-5B41-4F1E-99C3-01D42F466807}.Release|Any CPU.ActiveCfg = Release|Any CPU
		{134F5E70-5B41-4F1E-99C3-01D42F466807}.Release|Any CPU.Build.0 = Release|Any CPU
		{B6C09537-7358-4026-95E9-6E75BAF524E5}.Debug|Any CPU.ActiveCfg = Debug|Any CPU
		{B6C09537-7358-4026-95E9-6E75BAF524E5}.Debug|Any CPU.Build.0 = Debug|Any CPU
		{B6C09537-7358-4026-95E9-6E75BAF524E5}.Release|Any CPU.ActiveCfg = Release|Any CPU
		{B6C09537-7358-4026-95E9-6E75BAF524E5}.Release|Any CPU.Build.0 = Release|Any CPU
		{BB7A310B-761E-4760-92D3-733BB4524B8A}.Debug|Any CPU.ActiveCfg = Debug|Any CPU
		{BB7A310B-761E-4760-92D3-733BB4524B8A}.Debug|Any CPU.Build.0 = Debug|Any CPU
		{BB7A310B-761E-4760-92D3-733BB4524B8A}.Release|Any CPU.ActiveCfg = Release|Any CPU
		{BB7A310B-761E-4760-92D3-733BB4524B8A}.Release|Any CPU.Build.0 = Release|Any CPU
		{01909E67-8A83-4DF8-AD22-CB44B2E72395}.Debug|Any CPU.ActiveCfg = Debug|Any CPU
		{01909E67-8A83-4DF8-AD22-CB44B2E72395}.Debug|Any CPU.Build.0 = Debug|Any CPU
		{01909E67-8A83-4DF8-AD22-CB44B2E72395}.Release|Any CPU.ActiveCfg = Release|Any CPU
		{01909E67-8A83-4DF8-AD22-CB44B2E72395}.Release|Any CPU.Build.0 = Release|Any CPU
		{95313403-A79B-482F-9234-4F37A5A68603}.Debug|Any CPU.ActiveCfg = Debug|Any CPU
		{95313403-A79B-482F-9234-4F37A5A68603}.Debug|Any CPU.Build.0 = Debug|Any CPU
		{95313403-A79B-482F-9234-4F37A5A68603}.Release|Any CPU.ActiveCfg = Release|Any CPU
		{95313403-A79B-482F-9234-4F37A5A68603}.Release|Any CPU.Build.0 = Release|Any CPU
		{78C745C2-FB63-43C4-9CE6-AC1E6FFF047E}.Debug|Any CPU.ActiveCfg = Debug|Any CPU
		{78C745C2-FB63-43C4-9CE6-AC1E6FFF047E}.Debug|Any CPU.Build.0 = Debug|Any CPU
		{78C745C2-FB63-43C4-9CE6-AC1E6FFF047E}.Release|Any CPU.ActiveCfg = Release|Any CPU
		{78C745C2-FB63-43C4-9CE6-AC1E6FFF047E}.Release|Any CPU.Build.0 = Release|Any CPU
	EndGlobalSection
	GlobalSection(SolutionProperties) = preSolution
		HideSolutionNode = FALSE
	EndGlobalSection
	GlobalSection(NestedProjects) = preSolution
		{CB07208A-BEB9-4562-97E8-DFDD7F097D7A} = {A39F7913-44C1-4C3E-9ABF-9F663400B0EF}
		{0B1BF785-BABC-413E-9ED2-085E1E907D31} = {A39F7913-44C1-4C3E-9ABF-9F663400B0EF}
		{DEAFE339-4EF1-431D-9AAF-7CDE1E7F6113} = {A39F7913-44C1-4C3E-9ABF-9F663400B0EF}
		{134F5E70-5B41-4F1E-99C3-01D42F466807} = {A39F7913-44C1-4C3E-9ABF-9F663400B0EF}
		{B6C09537-7358-4026-95E9-6E75BAF524E5} = {A39F7913-44C1-4C3E-9ABF-9F663400B0EF}
		{BB7A310B-761E-4760-92D3-733BB4524B8A} = {A39F7913-44C1-4C3E-9ABF-9F663400B0EF}
		{01909E67-8A83-4DF8-AD22-CB44B2E72395} = {4692BD39-56E4-46F4-84CD-5E1576FB7753}
		{95313403-A79B-482F-9234-4F37A5A68603} = {4692BD39-56E4-46F4-84CD-5E1576FB7753}
		{78C745C2-FB63-43C4-9CE6-AC1E6FFF047E} = {4692BD39-56E4-46F4-84CD-5E1576FB7753}
	EndGlobalSection
	GlobalSection(ExtensibilityGlobals) = postSolution
		SolutionGuid = {71956AEB-AFB5-4013-95A1-678B739902C5}
	EndGlobalSection
EndGlobal
